
Microsoft Visual Studio Solution File, Format Version 12.00
# Visual Studio Version 16
VisualStudioVersion = 16.0.29926.136
MinimumVisualStudioVersion = 10.0.40219.1
Project("{9A19103F-16F7-4668-BE54-9A1E7A4F7556}") = "Chronos.Timer.Core", "src\Core\Chronos.Timer.Core.csproj", "{64F5A808-2563-48A3-9DE8-120700972444}"
EndProject
Project("{2150E333-8FDC-42A3-9474-1A3956D46DE8}") = "Tests", "Tests", "{89536306-B4ED-4E26-B38C-197E81F0A741}"
EndProject
Project("{2150E333-8FDC-42A3-9474-1A3956D46DE8}") = "Src", "Src", "{BD4BB505-47EF-4E57-9E4A-DBC40652DA5E}"
EndProject
Project("{9A19103F-16F7-4668-BE54-9A1E7A4F7556}") = "Chronos.Timer.Mocks", "src\Mocks\Chronos.Timer.Mocks.csproj", "{1DB51DCF-C07B-469E-B531-67107314BE48}"
EndProject
Project("{9A19103F-16F7-4668-BE54-9A1E7A4F7556}") = "Chronos.Timer.Tests.Core", "tests\Core\Chronos.Timer.Tests.Core.csproj", "{FF595757-9B62-4A42-A258-43335D509481}"
EndProject
Global
	GlobalSection(SolutionConfigurationPlatforms) = preSolution
		Debug|Any CPU = Debug|Any CPU
		Release|Any CPU = Release|Any CPU
	EndGlobalSection
	GlobalSection(ProjectConfigurationPlatforms) = postSolution
		{64F5A808-2563-48A3-9DE8-120700972444}.Debug|Any CPU.ActiveCfg = Debug|Any CPU
		{64F5A808-2563-48A3-9DE8-120700972444}.Debug|Any CPU.Build.0 = Debug|Any CPU
		{64F5A808-2563-48A3-9DE8-120700972444}.Release|Any CPU.ActiveCfg = Release|Any CPU
		{64F5A808-2563-48A3-9DE8-120700972444}.Release|Any CPU.Build.0 = Release|Any CPU
		{1DB51DCF-C07B-469E-B531-67107314BE48}.Debug|Any CPU.ActiveCfg = Debug|Any CPU
		{1DB51DCF-C07B-469E-B531-67107314BE48}.Debug|Any CPU.Build.0 = Debug|Any CPU
		{1DB51DCF-C07B-469E-B531-67107314BE48}.Release|Any CPU.ActiveCfg = Release|Any CPU
		{1DB51DCF-C07B-469E-B531-67107314BE48}.Release|Any CPU.Build.0 = Release|Any CPU
		{FF595757-9B62-4A42-A258-43335D509481}.Debug|Any CPU.ActiveCfg = Debug|Any CPU
		{FF595757-9B62-4A42-A258-43335D509481}.Debug|Any CPU.Build.0 = Debug|Any CPU
		{FF595757-9B62-4A42-A258-43335D509481}.Release|Any CPU.ActiveCfg = Release|Any CPU
		{FF595757-9B62-4A42-A258-43335D509481}.Release|Any CPU.Build.0 = Release|Any CPU
	EndGlobalSection
	GlobalSection(SolutionProperties) = preSolution
		HideSolutionNode = FALSE
	EndGlobalSection
	GlobalSection(NestedProjects) = preSolution
		{64F5A808-2563-48A3-9DE8-120700972444} = {BD4BB505-47EF-4E57-9E4A-DBC40652DA5E}
		{1DB51DCF-C07B-469E-B531-67107314BE48} = {BD4BB505-47EF-4E57-9E4A-DBC40652DA5E}
		{FF595757-9B62-4A42-A258-43335D509481} = {89536306-B4ED-4E26-B38C-197E81F0A741}
	EndGlobalSection
	GlobalSection(ExtensibilityGlobals) = postSolution
		SolutionGuid = {BB098665-CF57-4E73-B546-5299A41D4E3A}
	EndGlobalSection
EndGlobal
