
Microsoft Visual Studio Solution File, Format Version 12.00
# Visual Studio Version 16
VisualStudioVersion = 16.0.29926.136
MinimumVisualStudioVersion = 10.0.40219.1
Project("{9A19103F-16F7-4668-BE54-9A1E7A4F7556}") = "chronos", "src\chronos.csproj", "{07A5A4E3-8DC7-4368-BE38-A536966E3398}"
EndProject
Project("{FAE04EC0-301F-11D3-BF4B-00C04F79EFBC}") = "tests", "tests\tests.csproj", "{03A1E122-6538-4554-9055-18F795F4F127}"
EndProject
Global
	GlobalSection(SolutionConfigurationPlatforms) = preSolution
		Debug|Any CPU = Debug|Any CPU
		Release|Any CPU = Release|Any CPU
	EndGlobalSection
	GlobalSection(ProjectConfigurationPlatforms) = postSolution
		{07A5A4E3-8DC7-4368-BE38-A536966E3398}.Debug|Any CPU.ActiveCfg = Debug|Any CPU
		{07A5A4E3-8DC7-4368-BE38-A536966E3398}.Debug|Any CPU.Build.0 = Debug|Any CPU
		{07A5A4E3-8DC7-4368-BE38-A536966E3398}.Release|Any CPU.ActiveCfg = Release|Any CPU
		{07A5A4E3-8DC7-4368-BE38-A536966E3398}.Release|Any CPU.Build.0 = Release|Any CPU
		{03A1E122-6538-4554-9055-18F795F4F127}.Debug|Any CPU.ActiveCfg = Debug|Any CPU
		{03A1E122-6538-4554-9055-18F795F4F127}.Debug|Any CPU.Build.0 = Debug|Any CPU
		{03A1E122-6538-4554-9055-18F795F4F127}.Release|Any CPU.ActiveCfg = Release|Any CPU
		{03A1E122-6538-4554-9055-18F795F4F127}.Release|Any CPU.Build.0 = Release|Any CPU
	EndGlobalSection
	GlobalSection(SolutionProperties) = preSolution
		HideSolutionNode = FALSE
	EndGlobalSection
	GlobalSection(ExtensibilityGlobals) = postSolution
		SolutionGuid = {BB098665-CF57-4E73-B546-5299A41D4E3A}
	EndGlobalSection
EndGlobal
